
Microsoft Visual Studio Solution File, Format Version 12.00
# Visual Studio Version 17
VisualStudioVersion = 17.3.32929.385
MinimumVisualStudioVersion = 10.0.40219.1
Project("{FAE04EC0-301F-11D3-BF4B-00C04F79EFBC}") = "Fastedit", "Fastedit\Fastedit.csproj", "{14A97288-EEEA-4786-8D35-704B6244C05A}"
EndProject
Global
	GlobalSection(SolutionConfigurationPlatforms) = preSolution
		Debug|ARM = Debug|ARM
		Debug|ARM64 = Debug|ARM64
		Debug|x64 = Debug|x64
		Debug|x86 = Debug|x86
		Release|ARM = Release|ARM
		Release|ARM64 = Release|ARM64
		Release|x64 = Release|x64
		Release|x86 = Release|x86
	EndGlobalSection
	GlobalSection(ProjectConfigurationPlatforms) = postSolution
		{14A97288-EEEA-4786-8D35-704B6244C05A}.Debug|ARM.ActiveCfg = Debug|ARM
		{14A97288-EEEA-4786-8D35-704B6244C05A}.Debug|ARM.Build.0 = Debug|ARM
		{14A97288-EEEA-4786-8D35-704B6244C05A}.Debug|ARM.Deploy.0 = Debug|ARM
		{14A97288-EEEA-4786-8D35-704B6244C05A}.Debug|ARM64.ActiveCfg = Debug|ARM64
		{14A97288-EEEA-4786-8D35-704B6244C05A}.Debug|ARM64.Build.0 = Debug|ARM64
		{14A97288-EEEA-4786-8D35-704B6244C05A}.Debug|ARM64.Deploy.0 = Debug|ARM64
		{14A97288-EEEA-4786-8D35-704B6244C05A}.Debug|x64.ActiveCfg = Debug|x64
		{14A97288-EEEA-4786-8D35-704B6244C05A}.Debug|x64.Build.0 = Debug|x64
		{14A97288-EEEA-4786-8D35-704B6244C05A}.Debug|x64.Deploy.0 = Debug|x64
		{14A97288-EEEA-4786-8D35-704B6244C05A}.Debug|x86.ActiveCfg = Debug|x86
		{14A97288-EEEA-4786-8D35-704B6244C05A}.Debug|x86.Build.0 = Debug|x86
		{14A97288-EEEA-4786-8D35-704B6244C05A}.Debug|x86.Deploy.0 = Debug|x86
		{14A97288-EEEA-4786-8D35-704B6244C05A}.Release|ARM.ActiveCfg = Release|ARM
		{14A97288-EEEA-4786-8D35-704B6244C05A}.Release|ARM.Build.0 = Release|ARM
		{14A97288-EEEA-4786-8D35-704B6244C05A}.Release|ARM.Deploy.0 = Release|ARM
		{14A97288-EEEA-4786-8D35-704B6244C05A}.Release|ARM64.ActiveCfg = Release|ARM64
		{14A97288-EEEA-4786-8D35-704B6244C05A}.Release|ARM64.Build.0 = Release|ARM64
		{14A97288-EEEA-4786-8D35-704B6244C05A}.Release|ARM64.Deploy.0 = Release|ARM64
		{14A97288-EEEA-4786-8D35-704B6244C05A}.Release|x64.ActiveCfg = Release|x64
		{14A97288-EEEA-4786-8D35-704B6244C05A}.Release|x64.Build.0 = Release|x64
		{14A97288-EEEA-4786-8D35-704B6244C05A}.Release|x64.Deploy.0 = Release|x64
		{14A97288-EEEA-4786-8D35-704B6244C05A}.Release|x86.ActiveCfg = Release|x86
		{14A97288-EEEA-4786-8D35-704B6244C05A}.Release|x86.Build.0 = Release|x86
		{14A97288-EEEA-4786-8D35-704B6244C05A}.Release|x86.Deploy.0 = Release|x86
	EndGlobalSection
	GlobalSection(SolutionProperties) = preSolution
		HideSolutionNode = FALSE
	EndGlobalSection
	GlobalSection(ExtensibilityGlobals) = postSolution
		SolutionGuid = {F36371CE-391D-4E29-8968-2668811F1D78}
	EndGlobalSection
EndGlobal
